
Microsoft Visual Studio Solution File, Format Version 12.00
# Visual Studio 14
VisualStudioVersion = 14.0.25420.1
MinimumVisualStudioVersion = 10.0.40219.1
Project("{FAE04EC0-301F-11D3-BF4B-00C04F79EFBC}") = "StaffAttendanceFixApp", "StaffAttendanceFixApp\StaffAttendanceFixApp.csproj", "{DA7AD524-51FD-46FD-867C-3746776CFD8F}"
EndProject
Project("{FAE04EC0-301F-11D3-BF4B-00C04F79EFBC}") = "DataAccess", "DataAccess\DataAccess.csproj", "{2EDC3F43-4631-402F-B5F3-74E8A220E1C6}"
EndProject
Project("{FAE04EC0-301F-11D3-BF4B-00C04F79EFBC}") = "Shared", "Shared\Shared.csproj", "{8DE8DEFD-C7ED-435A-9B2E-BFF97F349C87}"
EndProject
Global
	GlobalSection(SolutionConfigurationPlatforms) = preSolution
		Debug|Any CPU = Debug|Any CPU
		Release|Any CPU = Release|Any CPU
	EndGlobalSection
	GlobalSection(ProjectConfigurationPlatforms) = postSolution
		{DA7AD524-51FD-46FD-867C-3746776CFD8F}.Debug|Any CPU.ActiveCfg = Debug|Any CPU
		{DA7AD524-51FD-46FD-867C-3746776CFD8F}.Debug|Any CPU.Build.0 = Debug|Any CPU
		{DA7AD524-51FD-46FD-867C-3746776CFD8F}.Release|Any CPU.ActiveCfg = Release|Any CPU
		{DA7AD524-51FD-46FD-867C-3746776CFD8F}.Release|Any CPU.Build.0 = Release|Any CPU
		{2EDC3F43-4631-402F-B5F3-74E8A220E1C6}.Debug|Any CPU.ActiveCfg = Debug|Any CPU
		{2EDC3F43-4631-402F-B5F3-74E8A220E1C6}.Debug|Any CPU.Build.0 = Debug|Any CPU
		{2EDC3F43-4631-402F-B5F3-74E8A220E1C6}.Release|Any CPU.ActiveCfg = Release|Any CPU
		{2EDC3F43-4631-402F-B5F3-74E8A220E1C6}.Release|Any CPU.Build.0 = Release|Any CPU
		{8DE8DEFD-C7ED-435A-9B2E-BFF97F349C87}.Debug|Any CPU.ActiveCfg = Debug|Any CPU
		{8DE8DEFD-C7ED-435A-9B2E-BFF97F349C87}.Debug|Any CPU.Build.0 = Debug|Any CPU
		{8DE8DEFD-C7ED-435A-9B2E-BFF97F349C87}.Release|Any CPU.ActiveCfg = Release|Any CPU
		{8DE8DEFD-C7ED-435A-9B2E-BFF97F349C87}.Release|Any CPU.Build.0 = Release|Any CPU
	EndGlobalSection
	GlobalSection(SolutionProperties) = preSolution
		HideSolutionNode = FALSE
	EndGlobalSection
EndGlobal
